// !$*UTF8*$!
{
	archiveVersion = 1;
	classes = {
	};
	objectVersion = 56;
	objects = {

/* Begin PBXBuildFile section */
		A1000001 /* mDropApp.swift in Sources */ = {isa = PBXBuildFile; fileRef = A1000011 /* mDropApp.swift */; };
		A1000002 /* ContentView.swift in Sources */ = {isa = PBXBuildFile; fileRef = A1000012 /* ContentView.swift */; };
		A1000003 /* AudioCaptureEngine.swift in Sources */ = {isa = PBXBuildFile; fileRef = A1000013 /* AudioCaptureEngine.swift */; };
		A1000004 /* FFTAnalyzer.swift in Sources */ = {isa = PBXBuildFile; fileRef = A1000014 /* FFTAnalyzer.swift */; };
		A1000005 /* VisualizationEngine.swift in Sources */ = {isa = PBXBuildFile; fileRef = A1000015 /* VisualizationEngine.swift */; };
		A1000006 /* MetalRenderer.swift in Sources */ = {isa = PBXBuildFile; fileRef = A1000016 /* MetalRenderer.swift */; };
		A1000007 /* VisualizationView.swift in Sources */ = {isa = PBXBuildFile; fileRef = A1000017 /* VisualizationView.swift */; };
		A1000008 /* PresetManager.swift in Sources */ = {isa = PBXBuildFile; fileRef = A1000018 /* PresetManager.swift */; };
		A1000009 /* Shaders.metal in Sources */ = {isa = PBXBuildFile; fileRef = A1000019 /* Shaders.metal */; };
		A100000A /* SystemAudioCaptureEngine.swift in Sources */ = {isa = PBXBuildFile; fileRef = A100001A /* SystemAudioCaptureEngine.swift */; };
/* End PBXBuildFile section */

/* Begin PBXFileReference section */
		A1000011 /* mDropApp.swift */ = {isa = PBXFileReference; lastKnownFileType = sourcecode.swift; name = mDropApp.swift; path = mDrop/Sources/mDropApp.swift; sourceTree = SOURCE_ROOT; };
		A1000012 /* ContentView.swift */ = {isa = PBXFileReference; lastKnownFileType = sourcecode.swift; name = ContentView.swift; path = mDrop/Sources/ContentView.swift; sourceTree = SOURCE_ROOT; };
		A1000013 /* AudioCaptureEngine.swift */ = {isa = PBXFileReference; lastKnownFileType = sourcecode.swift; name = AudioCaptureEngine.swift; path = mDrop/Sources/AudioCaptureEngine.swift; sourceTree = SOURCE_ROOT; };
		A1000014 /* FFTAnalyzer.swift */ = {isa = PBXFileReference; lastKnownFileType = sourcecode.swift; name = FFTAnalyzer.swift; path = mDrop/Sources/FFTAnalyzer.swift; sourceTree = SOURCE_ROOT; };
		A1000015 /* VisualizationEngine.swift */ = {isa = PBXFileReference; lastKnownFileType = sourcecode.swift; name = VisualizationEngine.swift; path = mDrop/Sources/VisualizationEngine.swift; sourceTree = SOURCE_ROOT; };
		A1000016 /* MetalRenderer.swift */ = {isa = PBXFileReference; lastKnownFileType = sourcecode.swift; name = MetalRenderer.swift; path = mDrop/Sources/MetalRenderer.swift; sourceTree = SOURCE_ROOT; };
		A1000017 /* VisualizationView.swift */ = {isa = PBXFileReference; lastKnownFileType = sourcecode.swift; name = VisualizationView.swift; path = mDrop/Sources/VisualizationView.swift; sourceTree = SOURCE_ROOT; };
		A1000018 /* PresetManager.swift */ = {isa = PBXFileReference; lastKnownFileType = sourcecode.swift; name = PresetManager.swift; path = mDrop/Sources/PresetManager.swift; sourceTree = SOURCE_ROOT; };
		A1000019 /* Shaders.metal */ = {isa = PBXFileReference; lastKnownFileType = sourcecode.metal; name = Shaders.metal; path = mDrop/Shaders/Shaders.metal; sourceTree = SOURCE_ROOT; };
		A100001A /* SystemAudioCaptureEngine.swift */ = {isa = PBXFileReference; lastKnownFileType = sourcecode.swift; name = SystemAudioCaptureEngine.swift; path = mDrop/Sources/SystemAudioCaptureEngine.swift; sourceTree = SOURCE_ROOT; };
		A1000020 /* Info.plist */ = {isa = PBXFileReference; lastKnownFileType = text.plist.xml; name = Info.plist; path = mDrop/Info.plist; sourceTree = SOURCE_ROOT; };
		A1000021 /* mDrop.entitlements */ = {isa = PBXFileReference; lastKnownFileType = text.plist.entitlements; name = mDrop.entitlements; path = mDrop/mDrop.entitlements; sourceTree = SOURCE_ROOT; };
		A1000030 /* mDrop.app */ = {isa = PBXFileReference; explicitFileType = wrapper.application; includeInIndex = 0; path = mDrop.app; sourceTree = BUILT_PRODUCTS_DIR; };
/* End PBXFileReference section */

/* Begin PBXFrameworksBuildPhase section */
		A1000040 /* Frameworks */ = {
			isa = PBXFrameworksBuildPhase;
			buildActionMask = 2147483647;
			files = (
			);
			runOnlyForDeploymentPostprocessing = 0;
		};
/* End PBXFrameworksBuildPhase section */

/* Begin PBXGroup section */
		A1000050 = {
			isa = PBXGroup;
			children = (
				A1000060 /* mDrop */,
				A1000070 /* Products */,
			);
			sourceTree = "<group>";
		};
		A1000060 /* mDrop */ = {
			isa = PBXGroup;
			children = (
				A1000080 /* Sources */,
				A1000090 /* Shaders */,
				A1000021 /* mDrop.entitlements */,
				A1000020 /* Info.plist */,
			);
			name = mDrop;
			sourceTree = "<group>";
		};
		A1000070 /* Products */ = {
			isa = PBXGroup;
			children = (
				A1000030 /* mDrop.app */,
			);
			name = Products;
			sourceTree = "<group>";
		};
		A1000080 /* Sources */ = {
			isa = PBXGroup;
			children = (
				A1000011 /* mDropApp.swift */,
				A1000012 /* ContentView.swift */,
				A1000013 /* AudioCaptureEngine.swift */,
				A100001A /* SystemAudioCaptureEngine.swift */,
				A1000014 /* FFTAnalyzer.swift */,
				A1000015 /* VisualizationEngine.swift */,
				A1000016 /* MetalRenderer.swift */,
				A1000017 /* VisualizationView.swift */,
				A1000018 /* PresetManager.swift */,
			);
			name = Sources;
			sourceTree = "<group>";
		};
		A1000090 /* Shaders */ = {
			isa = PBXGroup;
			children = (
				A1000019 /* Shaders.metal */,
			);
			name = Shaders;
			sourceTree = "<group>";
		};
/* End PBXGroup section */

/* Begin PBXNativeTarget section */
		A1000100 /* mDrop */ = {
			isa = PBXNativeTarget;
			buildConfigurationList = A1000110 /* Build configuration list for PBXNativeTarget "mDrop" */;
			buildPhases = (
				A1000120 /* Sources */,
				A1000040 /* Frameworks */,
				A1000130 /* Resources */,
			);
			buildRules = (
			);
			dependencies = (
			);
			name = mDrop;
			productName = mDrop;
			productReference = A1000030 /* mDrop.app */;
			productType = "com.apple.product-type.application";
		};
/* End PBXNativeTarget section */

/* Begin PBXProject section */
		A1000140 /* Project object */ = {
			isa = PBXProject;
			attributes = {
				BuildIndependentTargetsInParallel = 1;
				LastSwiftUpdateCheck = 1500;
				LastUpgradeCheck = 1500;
				TargetAttributes = {
					A1000100 = {
						CreatedOnToolsVersion = 15.0;
					};
				};
			};
			buildConfigurationList = A1000150 /* Build configuration list for PBXProject "mDrop" */;
			compatibilityVersion = "Xcode 14.0";
			developmentRegion = en;
			hasScannedForEncodings = 0;
			knownRegions = (
				en,
				Base,
			);
			mainGroup = A1000050;
			productRefGroup = A1000070 /* Products */;
			projectDirPath = "";
			projectRoot = "";
			targets = (
				A1000100 /* mDrop */,
			);
		};
/* End PBXProject section */

/* Begin PBXResourcesBuildPhase section */
		A1000130 /* Resources */ = {
			isa = PBXResourcesBuildPhase;
			buildActionMask = 2147483647;
			files = (
			);
			runOnlyForDeploymentPostprocessing = 0;
		};
/* End PBXResourcesBuildPhase section */

/* Begin PBXSourcesBuildPhase section */
		A1000120 /* Sources */ = {
			isa = PBXSourcesBuildPhase;
			buildActionMask = 2147483647;
			files = (
				A1000001 /* mDropApp.swift in Sources */,
				A1000002 /* ContentView.swift in Sources */,
				A1000003 /* AudioCaptureEngine.swift in Sources */,
				A100000A /* SystemAudioCaptureEngine.swift in Sources */,
				A1000004 /* FFTAnalyzer.swift in Sources */,
				A1000005 /* VisualizationEngine.swift in Sources */,
				A1000006 /* MetalRenderer.swift in Sources */,
				A1000007 /* VisualizationView.swift in Sources */,
				A1000008 /* PresetManager.swift in Sources */,
				A1000009 /* Shaders.metal in Sources */,
			);
			runOnlyForDeploymentPostprocessing = 0;
		};
/* End PBXSourcesBuildPhase section */

/* Begin XCBuildConfiguration section */
		A1000200 /* Debug */ = {
			isa = XCBuildConfiguration;
			buildSettings = {
				ALWAYS_SEARCH_USER_PATHS = NO;
				ASSETCATALOG_COMPILER_GENERATE_SWIFT_ASSET_SYMBOL_EXTENSIONS = YES;
				CLANG_ANALYZER_NONNULL = YES;
				CLANG_ANALYZER_NUMBER_OBJECT_CONVERSION = YES_AGGRESSIVE;
				CLANG_CXX_LANGUAGE_STANDARD = "gnu++20";
				CLANG_ENABLE_MODULES = YES;
				CLANG_ENABLE_OBJC_ARC = YES;
				CLANG_ENABLE_OBJC_WEAK = YES;
				CLANG_WARN_BLOCK_CAPTURE_AUTORELEASING = YES;
				CLANG_WARN_BOOL_CONVERSION = YES;
				CLANG_WARN_COMMA = YES;
				CLANG_WARN_CONSTANT_CONVERSION = YES;
				CLANG_WARN_DEPRECATED_OBJC_IMPLEMENTATIONS = YES;
				CLANG_WARN_DIRECT_OBJC_ISA_USAGE = YES_ERROR;
				CLANG_WARN_DOCUMENTATION_COMMENTS = YES;
				CLANG_WARN_EMPTY_BODY = YES;
				CLANG_WARN_ENUM_CONVERSION = YES;
				CLANG_WARN_INFINITE_RECURSION = YES;
				CLANG_WARN_INT_CONVERSION = YES;
				CLANG_WARN_NON_LITERAL_NULL_CONVERSION = YES;
				CLANG_WARN_OBJC_IMPLICIT_RETAIN_SELF = YES;
				CLANG_WARN_OBJC_LITERAL_CONVERSION = YES;
				CLANG_WARN_OBJC_ROOT_CLASS = YES_ERROR;
				CLANG_WARN_QUOTED_INCLUDE_IN_FRAMEWORK_HEADER = YES;
				CLANG_WARN_RANGE_LOOP_ANALYSIS = YES;
				CLANG_WARN_STRICT_PROTOTYPES = YES;
				CLANG_WARN_SUSPICIOUS_MOVE = YES;
				CLANG_WARN_UNGUARDED_AVAILABILITY = YES_AGGRESSIVE;
				CLANG_WARN_UNREACHABLE_CODE = YES;
				CLANG_WARN__DUPLICATE_METHOD_MATCH = YES;
				COPY_PHASE_STRIP = NO;
				DEBUG_INFORMATION_FORMAT = dwarf;
				ENABLE_STRICT_OBJC_MSGSEND = YES;
				ENABLE_TESTABILITY = YES;
				ENABLE_USER_SCRIPT_SANDBOXING = YES;
				GCC_C_LANGUAGE_STANDARD = gnu17;
				GCC_DYNAMIC_NO_PIC = NO;
				GCC_NO_COMMON_BLOCKS = YES;
				GCC_OPTIMIZATION_LEVEL = 0;
				GCC_PREPROCESSOR_DEFINITIONS = (
					"DEBUG=1",
					"$(inherited)",
				);
				GCC_WARN_64_TO_32_BIT_CONVERSION = YES;
				GCC_WARN_ABOUT_RETURN_TYPE = YES_ERROR;
				GCC_WARN_UNDECLARED_SELECTOR = YES;
				GCC_WARN_UNINITIALIZED_AUTOS = YES_AGGRESSIVE;
				GCC_WARN_UNUSED_FUNCTION = YES;
				GCC_WARN_UNUSED_VARIABLE = YES;
				LOCALIZATION_PREFERS_STRING_CATALOGS = YES;
				MACOSX_DEPLOYMENT_TARGET = 13.0;
				MTL_ENABLE_DEBUG_INFO = INCLUDE_SOURCE;
				MTL_FAST_MATH = YES;
				ONLY_ACTIVE_ARCH = YES;
				SDKROOT = macosx;
				SWIFT_ACTIVE_COMPILATION_CONDITIONS = "DEBUG $(inherited)";
				SWIFT_OPTIMIZATION_LEVEL = "-Onone";
			};
			name = Debug;
		};
		A1000201 /* Release */ = {
			isa = XCBuildConfiguration;
			buildSettings = {
				ALWAYS_SEARCH_USER_PATHS = NO;
				ASSETCATALOG_COMPILER_GENERATE_SWIFT_ASSET_SYMBOL_EXTENSIONS = YES;
				CLANG_ANALYZER_NONNULL = YES;
				CLANG_ANALYZER_NUMBER_OBJECT_CONVERSION = YES_AGGRESSIVE;
				CLANG_CXX_LANGUAGE_STANDARD = "gnu++20";
				CLANG_ENABLE_MODULES = YES;
				CLANG_ENABLE_OBJC_ARC = YES;
				CLANG_ENABLE_OBJC_WEAK = YES;
				CLANG_WARN_BLOCK_CAPTURE_AUTORELEASING = YES;
				CLANG_WARN_BOOL_CONVERSION = YES;
				CLANG_WARN_COMMA = YES;
				CLANG_WARN_CONSTANT_CONVERSION = YES;
				CLANG_WARN_DEPRECATED_OBJC_IMPLEMENTATIONS = YES;
				CLANG_WARN_DIRECT_OBJC_ISA_USAGE = YES_ERROR;
				CLANG_WARN_DOCUMENTATION_COMMENTS = YES;
				CLANG_WARN_EMPTY_BODY = YES;
				CLANG_WARN_ENUM_CONVERSION = YES;
				CLANG_WARN_INFINITE_RECURSION = YES;
				CLANG_WARN_INT_CONVERSION = YES;
				CLANG_WARN_NON_LITERAL_NULL_CONVERSION = YES;
				CLANG_WARN_OBJC_IMPLICIT_RETAIN_SELF = YES;
				CLANG_WARN_OBJC_LITERAL_CONVERSION = YES;
				CLANG_WARN_OBJC_ROOT_CLASS = YES_ERROR;
				CLANG_WARN_QUOTED_INCLUDE_IN_FRAMEWORK_HEADER = YES;
				CLANG_WARN_RANGE_LOOP_ANALYSIS = YES;
				CLANG_WARN_STRICT_PROTOTYPES = YES;
				CLANG_WARN_SUSPICIOUS_MOVE = YES;
				CLANG_WARN_UNGUARDED_AVAILABILITY = YES_AGGRESSIVE;
				CLANG_WARN_UNREACHABLE_CODE = YES;
				CLANG_WARN__DUPLICATE_METHOD_MATCH = YES;
				COPY_PHASE_STRIP = NO;
				DEBUG_INFORMATION_FORMAT = "dwarf-with-dsym";
				ENABLE_NS_ASSERTIONS = NO;
				ENABLE_STRICT_OBJC_MSGSEND = YES;
				ENABLE_USER_SCRIPT_SANDBOXING = YES;
				GCC_C_LANGUAGE_STANDARD = gnu17;
				GCC_NO_COMMON_BLOCKS = YES;
				GCC_WARN_64_TO_32_BIT_CONVERSION = YES;
				GCC_WARN_ABOUT_RETURN_TYPE = YES_ERROR;
				GCC_WARN_UNDECLARED_SELECTOR = YES;
				GCC_WARN_UNINITIALIZED_AUTOS = YES_AGGRESSIVE;
				GCC_WARN_UNUSED_FUNCTION = YES;
				GCC_WARN_UNUSED_VARIABLE = YES;
				LOCALIZATION_PREFERS_STRING_CATALOGS = YES;
				MACOSX_DEPLOYMENT_TARGET = 13.0;
				MTL_ENABLE_DEBUG_INFO = NO;
				MTL_FAST_MATH = YES;
				SDKROOT = macosx;
				SWIFT_COMPILATION_MODE = wholemodule;
			};
			name = Release;
		};
		A1000300 /* Debug */ = {
			isa = XCBuildConfiguration;
			buildSettings = {
				ASSETCATALOG_COMPILER_APPICON_NAME = AppIcon;
				ASSETCATALOG_COMPILER_GLOBAL_ACCENT_COLOR_NAME = AccentColor;
				CODE_SIGN_ENTITLEMENTS = mDrop/mDrop.entitlements;
				CODE_SIGN_STYLE = Automatic;
				COMBINE_HIDPI_IMAGES = YES;
				CURRENT_PROJECT_VERSION = 1;
				DEVELOPMENT_ASSET_PATHS = "";
				ENABLE_PREVIEWS = YES;
				GENERATE_INFOPLIST_FILE = NO;
				INFOPLIST_FILE = mDrop/Info.plist;
				INFOPLIST_KEY_LSApplicationCategoryType = "public.app-category.entertainment";
				INFOPLIST_KEY_NSHumanReadableCopyright = "";
				INFOPLIST_KEY_NSMicrophoneUsageDescription = "mDrop needs access to the microphone to visualize audio.";
				LD_RUNPATH_SEARCH_PATHS = (
					"$(inherited)",
					"@executable_path/../Frameworks",
				);
				MARKETING_VERSION = 1.0;
				PRODUCT_BUNDLE_IDENTIFIER = com.mdrop.visualizer;
				PRODUCT_NAME = "$(TARGET_NAME)";
				SWIFT_EMIT_LOC_STRINGS = YES;
				SWIFT_VERSION = 5.0;
			};
			name = Debug;
		};
		A1000301 /* Release */ = {
			isa = XCBuildConfiguration;
			buildSettings = {
				ASSETCATALOG_COMPILER_APPICON_NAME = AppIcon;
				ASSETCATALOG_COMPILER_GLOBAL_ACCENT_COLOR_NAME = AccentColor;
				CODE_SIGN_ENTITLEMENTS = mDrop/mDrop.entitlements;
				CODE_SIGN_STYLE = Automatic;
				COMBINE_HIDPI_IMAGES = YES;
				CURRENT_PROJECT_VERSION = 1;
				DEVELOPMENT_ASSET_PATHS = "";
				ENABLE_PREVIEWS = YES;
				GENERATE_INFOPLIST_FILE = NO;
				INFOPLIST_FILE = mDrop/Info.plist;
				INFOPLIST_KEY_LSApplicationCategoryType = "public.app-category.entertainment";
				INFOPLIST_KEY_NSHumanReadableCopyright = "";
				INFOPLIST_KEY_NSMicrophoneUsageDescription = "mDrop needs access to the microphone to visualize audio.";
				LD_RUNPATH_SEARCH_PATHS = (
					"$(inherited)",
					"@executable_path/../Frameworks",
				);
				MARKETING_VERSION = 1.0;
				PRODUCT_BUNDLE_IDENTIFIER = com.mdrop.visualizer;
				PRODUCT_NAME = "$(TARGET_NAME)";
				SWIFT_EMIT_LOC_STRINGS = YES;
				SWIFT_VERSION = 5.0;
			};
			name = Release;
		};
/* End XCBuildConfiguration section */

/* Begin XCConfigurationList section */
		A1000110 /* Build configuration list for PBXNativeTarget "mDrop" */ = {
			isa = XCConfigurationList;
			buildConfigurations = (
				A1000300 /* Debug */,
				A1000301 /* Release */,
			);
			defaultConfigurationIsVisible = 0;
			defaultConfigurationName = Release;
		};
		A1000150 /* Build configuration list for PBXProject "mDrop" */ = {
			isa = XCConfigurationList;
			buildConfigurations = (
				A1000200 /* Debug */,
				A1000201 /* Release */,
			);
			defaultConfigurationIsVisible = 0;
			defaultConfigurationName = Release;
		};
/* End XCConfigurationList section */
	};
	rootObject = A1000140 /* Project object */;
}
